{
  "lockfileVersion": 1,
  "configVersion": 0,
  "workspaces": {
    "": {
      "name": "bun-indexer-based-block-scanner",
      "dependencies": {
        "comment-json": "^4.4.1",
        "graphql-ws": "^6.0.5",
        "ws": "^8.18.2",
      },
      "devDependencies": {
        "@types/bun": "1.3.11",
        "@types/ws": "8.18.1",
        "prettier": "3.8.1",
      },
    },
  },
  "packages": {
    "@types/bun": ["@types/bun@1.3.11", "", { "dependencies": { "bun-types": "1.3.11" } }, "sha512-5vPne5QvtpjGpsGYXiFyycfpDF2ECyPcTSsFBMa0fraoxiQyMJ3SmuQIGhzPg2WJuWxVBoxWJ2kClYTcw/4fAg=="],

    "@types/node": ["@types/node@24.6.2", "", { "dependencies": { "undici-types": "~7.13.0" } }, "sha512-d2L25Y4j+W3ZlNAeMKcy7yDsK425ibcAOO2t7aPTz6gNMH0z2GThtwENCDc0d/Pw9wgyRqE5Px1wkV7naz8ang=="],

    "@types/ws": ["@types/ws@8.18.1", "", { "dependencies": { "@types/node": "*" } }, "sha512-ThVF6DCVhA8kUGy+aazFQ4kXQ7E1Ty7A3ypFOe0IcJV8O/M511G99AW24irKrW56Wt44yG9+ij8FaqoBGkuBXg=="],

    "array-timsort": ["array-timsort@1.0.3", "", {}, "sha512-/+3GRL7dDAGEfM6TseQk/U+mi18TU2Ms9I3UlLdUMhz2hbvGNTKdj9xniwXfUqgYhHxRx0+8UnKkvlNwVU+cWQ=="],

    "bun-types": ["bun-types@1.3.11", "", { "dependencies": { "@types/node": "*" } }, "sha512-1KGPpoxQWl9f6wcZh57LvrPIInQMn2TQ7jsgxqpRzg+l0QPOFvJVH7HmvHo/AiPgwXy+/Thf6Ov3EdVn1vOabg=="],

    "comment-json": ["comment-json@4.4.1", "", { "dependencies": { "array-timsort": "^1.0.3", "core-util-is": "^1.0.3", "esprima": "^4.0.1" } }, "sha512-r1To31BQD5060QdkC+Iheai7gHwoSZobzunqkf2/kQ6xIAfJyrKNAFUwdKvkK7Qgu7pVTKQEa7ok7Ed3ycAJgg=="],

    "core-util-is": ["core-util-is@1.0.3", "", {}, "sha512-ZQBvi1DcpJ4GDqanjucZ2Hj3wEO5pZDS89BWbkcrvdxksJorwUDDZamX9ldFkp9aw2lmBDLgkObEA4DWNJ9FYQ=="],

    "esprima": ["esprima@4.0.1", "", { "bin": { "esparse": "./bin/esparse.js", "esvalidate": "./bin/esvalidate.js" } }, "sha512-eGuFFw7Upda+g4p+QHvnW0RyTX/SVeJBDM/gCtMARO0cLuT2HcEKnTPvhjV6aGeqrCB/sbNop0Kszm0jsaWU4A=="],

    "graphql": ["graphql@16.11.0", "", {}, "sha512-mS1lbMsxgQj6hge1XZ6p7GPhbrtFwUFYi3wRzXAC/FmYnyXMTvvI3td3rjmQ2u8ewXueaSvRPWaEcgVVOT9Jnw=="],

    "graphql-ws": ["graphql-ws@6.0.6", "", { "peerDependencies": { "@fastify/websocket": "^10 || ^11", "crossws": "~0.3", "graphql": "^15.10.1 || ^16", "uWebSockets.js": "^20", "ws": "^8" }, "optionalPeers": ["@fastify/websocket", "crossws", "uWebSockets.js", "ws"] }, "sha512-zgfER9s+ftkGKUZgc0xbx8T7/HMO4AV5/YuYiFc+AtgcO5T0v8AxYYNQ+ltzuzDZgNkYJaFspm5MMYLjQzrkmw=="],

    "prettier": ["prettier@3.8.1", "", { "bin": { "prettier": "bin/prettier.cjs" } }, "sha512-UOnG6LftzbdaHZcKoPFtOcCKztrQ57WkHDeRD9t/PTQtmT0NHSeWWepj6pS0z/N7+08BHFDQVUrfmfMRcZwbMg=="],

    "undici-types": ["undici-types@7.13.0", "", {}, "sha512-Ov2Rr9Sx+fRgagJ5AX0qvItZG/JKKoBRAVITs1zk7IqZGTJUwgUr7qoYBpWwakpWilTZFM98rG/AFRocu10iIQ=="],

    "ws": ["ws@8.18.3", "", { "peerDependencies": { "bufferutil": "^4.0.1", "utf-8-validate": ">=5.0.2" }, "optionalPeers": ["bufferutil", "utf-8-validate"] }, "sha512-PEIGCY5tSlUt50cqyMXfCzX+oOPqN0vuGqWzbcJ2xvnkzkq46oOpz7dQaTDBdfICb4N14+GARUDw2XV2N4tvzg=="],
  }
}
